<?xml version="1.0" encoding="utf-8"?>
<Project ToolsVersion="4.0" xmlns="http://schemas.microsoft.com/developer/msbuild/2003">
  <ItemGroup>
    <Filter Include="소스 파일">
      <UniqueIdentifier>{4FC737F1-C7A5-4376-A066-2A32D752A2FF}</UniqueIdentifier>
      <Extensions>cpp;c;cc;cxx;def;odl;idl;hpj;bat;asm;asmx</Extensions>
    </Filter>
    <Filter Include="헤더 파일">
      <UniqueIdentifier>{93995380-89BD-4b04-88EB-625FBE52EBFB}</UniqueIdentifier>
      <Extensions>h;hh;hpp;hxx;hm;inl;inc;ipp;xsd</Extensions>
    </Filter>
    <Filter Include="리소스 파일">
      <UniqueIdentifier>{67DA6AB6-F800-4c08-8B7A-83BB121AAD01}</UniqueIdentifier>
      <Extensions>rc;ico;cur;bmp;dlg;rc2;rct;bin;rgs;gif;jpg;jpeg;jpe;resx;tiff;tif;png;wav;mfcribbon-ms</Extensions>
    </Filter>
  </ItemGroup>
  <ItemGroup>
    <ClCompile Include="1000.cpp">
      <Filter>리소스 파일</Filter>
    </ClCompile>
    <ClCompile Include="1001.cpp">
      <Filter>리소스 파일</Filter>
    </ClCompile>
    <ClCompile Include="1008.cpp">
      <Filter>리소스 파일</Filter>
    </ClCompile>
    <ClCompile Include="1157.cpp">
      <Filter>리소스 파일</Filter>
    </ClCompile>
    <ClCompile Include="1003%28DP%29.cpp">
      <Filter>리소스 파일</Filter>
    </ClCompile>
    <ClCompile Include="1018%28BruteForce%29.cpp">
      <Filter>리소스 파일</Filter>
    </ClCompile>
    <ClCompile Include="1065%28BruteForce%29.cpp">
      <Filter>리소스 파일</Filter>
    </ClCompile>
    <ClCompile Include="1158%28Queue%29.cpp">
      <Filter>리소스 파일</Filter>
    </ClCompile>
    <ClCompile Include="1185(MST).cpp">
      <Filter>리소스 파일</Filter>
    </ClCompile>
    <ClCompile Include="1197(MST).cpp">
      <Filter>리소스 파일</Filter>
    </ClCompile>
    <ClCompile Include="1237.cpp">
      <Filter>리소스 파일</Filter>
    </ClCompile>
    <ClCompile Include="1238(Dijk).cpp">
      <Filter>리소스 파일</Filter>
    </ClCompile>
    <ClCompile Include="1260(D,BFS).cpp">
      <Filter>리소스 파일</Filter>
    </ClCompile>
    <ClCompile Include="1261(Dijk).cpp">
      <Filter>리소스 파일</Filter>
    </ClCompile>
    <ClCompile Include="1330.cpp">
      <Filter>리소스 파일</Filter>
    </ClCompile>
    <ClCompile Include="1339(Greedy).cpp">
      <Filter>리소스 파일</Filter>
    </ClCompile>
    <ClCompile Include="1406(Stack).cpp">
      <Filter>리소스 파일</Filter>
    </ClCompile>
    <ClCompile Include="1463(DP).cpp">
      <Filter>리소스 파일</Filter>
    </ClCompile>
    <ClCompile Include="1504(Dijk).cpp">
      <Filter>리소스 파일</Filter>
    </ClCompile>
    <ClCompile Include="1546.cpp">
      <Filter>리소스 파일</Filter>
    </ClCompile>
    <ClCompile Include="1644(Eratos).cpp">
      <Filter>리소스 파일</Filter>
    </ClCompile>
    <ClCompile Include="1647(MST).cpp">
      <Filter>리소스 파일</Filter>
    </ClCompile>
    <ClCompile Include="1654(BinarySearch).cpp">
      <Filter>리소스 파일</Filter>
    </ClCompile>
    <ClCompile Include="1658(MaximumFlow).cpp">
      <Filter>리소스 파일</Filter>
    </ClCompile>
    <ClCompile Include="1671(BipartiteMatching).cpp">
      <Filter>리소스 파일</Filter>
    </ClCompile>
    <ClCompile Include="1717(UnionFind).cpp">
      <Filter>리소스 파일</Filter>
    </ClCompile>
    <ClCompile Include="1753(Dijk).cpp">
      <Filter>리소스 파일</Filter>
    </ClCompile>
    <ClCompile Include="1780(DivideConquer).cpp">
      <Filter>리소스 파일</Filter>
    </ClCompile>
    <ClCompile Include="1874(Stack).cpp">
      <Filter>리소스 파일</Filter>
    </ClCompile>
    <ClCompile Include="1806(twoPointer).cpp">
      <Filter>리소스 파일</Filter>
    </ClCompile>
    <ClCompile Include="1833(MST).cpp">
      <Filter>리소스 파일</Filter>
    </ClCompile>
    <ClCompile Include="1912(DP).cpp">
      <Filter>리소스 파일</Filter>
    </ClCompile>
    <ClCompile Include="1916(Dijk).cpp">
      <Filter>리소스 파일</Filter>
    </ClCompile>
    <ClCompile Include="1918(Stack).cpp">
      <Filter>리소스 파일</Filter>
    </ClCompile>
    <ClCompile Include="1920(BinarySearch).cpp">
      <Filter>리소스 파일</Filter>
    </ClCompile>
    <ClCompile Include="1922(MST).cpp">
      <Filter>리소스 파일</Filter>
    </ClCompile>
    <ClCompile Include="1927(Heap).cpp">
      <Filter>리소스 파일</Filter>
    </ClCompile>
    <ClCompile Include="1929(Eratos).cpp">
      <Filter>리소스 파일</Filter>
    </ClCompile>
    <ClCompile Include="1931(Greedy).cpp">
      <Filter>리소스 파일</Filter>
    </ClCompile>
    <ClCompile Include="1932(DP).cpp">
      <Filter>리소스 파일</Filter>
    </ClCompile>
    <ClCompile Include="1935(Stack).cpp">
      <Filter>리소스 파일</Filter>
    </ClCompile>
    <ClCompile Include="1939(BinarySearch).cpp">
      <Filter>리소스 파일</Filter>
    </ClCompile>
    <ClCompile Include="1966(Queue).cpp">
      <Filter>리소스 파일</Filter>
    </ClCompile>
    <ClCompile Include="1991(Tree).cpp">
      <Filter>리소스 파일</Filter>
    </ClCompile>
    <ClCompile Include="2110(BinarySearch).cpp">
      <Filter>리소스 파일</Filter>
    </ClCompile>
    <ClCompile Include="2164(Queue).cpp">
      <Filter>리소스 파일</Filter>
    </ClCompile>
    <ClCompile Include="2188(BipartiteMatchig).cpp">
      <Filter>리소스 파일</Filter>
    </ClCompile>
    <ClCompile Include="2211(Dijk).cpp">
      <Filter>리소스 파일</Filter>
    </ClCompile>
    <ClCompile Include="2239(BackTracking).cpp">
      <Filter>리소스 파일</Filter>
    </ClCompile>
    <ClCompile Include="2293(DP).cpp">
      <Filter>리소스 파일</Filter>
    </ClCompile>
    <ClCompile Include="2309(BruteForce).cpp">
      <Filter>리소스 파일</Filter>
    </ClCompile>
    <ClCompile Include="2367(MaximumFlow).cpp">
      <Filter>리소스 파일</Filter>
    </ClCompile>
    <ClCompile Include="2438.cpp">
      <Filter>리소스 파일</Filter>
    </ClCompile>
    <ClCompile Include="2439.cpp">
      <Filter>리소스 파일</Filter>
    </ClCompile>
    <ClCompile Include="2440.cpp">
      <Filter>리소스 파일</Filter>
    </ClCompile>
    <ClCompile Include="2441.cpp">
      <Filter>리소스 파일</Filter>
    </ClCompile>
    <ClCompile Include="2490.cpp">
      <Filter>리소스 파일</Filter>
    </ClCompile>
    <ClCompile Include="2557.cpp">
      <Filter>리소스 파일</Filter>
    </ClCompile>
    <ClCompile Include="2558.cpp">
      <Filter>리소스 파일</Filter>
    </ClCompile>
    <ClCompile Include="2562.cpp">
      <Filter>리소스 파일</Filter>
    </ClCompile>
    <ClCompile Include="2563.cpp">
      <Filter>리소스 파일</Filter>
    </ClCompile>
    <ClCompile Include="2579(DP).cpp">
      <Filter>리소스 파일</Filter>
    </ClCompile>
    <ClCompile Include="2581.cpp">
      <Filter>리소스 파일</Filter>
    </ClCompile>
    <ClCompile Include="2588.cpp">
      <Filter>리소스 파일</Filter>
    </ClCompile>
    <ClCompile Include="2589(BFS).cpp">
      <Filter>리소스 파일</Filter>
    </ClCompile>
    <ClCompile Include="2606(DFS).cpp">
      <Filter>리소스 파일</Filter>
    </ClCompile>
    <ClCompile Include="2609.cpp">
      <Filter>리소스 파일</Filter>
    </ClCompile>
    <ClCompile Include="2629(DP).cpp">
      <Filter>리소스 파일</Filter>
    </ClCompile>
    <ClCompile Include="2667(DFS).cpp">
      <Filter>리소스 파일</Filter>
    </ClCompile>
    <ClCompile Include="2716.cpp">
      <Filter>리소스 파일</Filter>
    </ClCompile>
    <ClCompile Include="2739.cpp">
      <Filter>리소스 파일</Filter>
    </ClCompile>
    <ClCompile Include="2741.cpp">
      <Filter>리소스 파일</Filter>
    </ClCompile>
    <ClCompile Include="2742.cpp">
      <Filter>리소스 파일</Filter>
    </ClCompile>
    <ClCompile Include="2747.cpp">
      <Filter>리소스 파일</Filter>
    </ClCompile>
    <ClCompile Include="2750(Heap).cpp">
      <Filter>리소스 파일</Filter>
    </ClCompile>
    <ClCompile Include="2753.cpp">
      <Filter>리소스 파일</Filter>
    </ClCompile>
    <ClCompile Include="2805(BinarySearch).cpp">
      <Filter>리소스 파일</Filter>
    </ClCompile>
    <ClCompile Include="2839.cpp">
      <Filter>리소스 파일</Filter>
    </ClCompile>
    <ClCompile Include="2851.cpp">
      <Filter>리소스 파일</Filter>
    </ClCompile>
    <ClCompile Include="2869.cpp">
      <Filter>리소스 파일</Filter>
    </ClCompile>
    <ClCompile Include="2884.cpp">
      <Filter>리소스 파일</Filter>
    </ClCompile>
    <ClCompile Include="2908.cpp">
      <Filter>리소스 파일</Filter>
    </ClCompile>
    <ClCompile Include="2920.cpp">
      <Filter>리소스 파일</Filter>
    </ClCompile>
    <ClCompile Include="2953.cpp">
      <Filter>리소스 파일</Filter>
    </ClCompile>
    <ClCompile Include="4195(UnionFind).cpp">
      <Filter>리소스 파일</Filter>
    </ClCompile>
    <ClCompile Include="4344.cpp">
      <Filter>리소스 파일</Filter>
    </ClCompile>
    <ClCompile Include="4485(Dijk).cpp">
      <Filter>리소스 파일</Filter>
    </ClCompile>
    <ClCompile Include="4811(DP).cpp">
      <Filter>리소스 파일</Filter>
    </ClCompile>
    <ClCompile Include="4948(Eratos).cpp">
      <Filter>리소스 파일</Filter>
    </ClCompile>
    <ClCompile Include="5014(BFS).cpp">
      <Filter>리소스 파일</Filter>
    </ClCompile>
    <ClCompile Include="5543.cpp">
      <Filter>리소스 파일</Filter>
    </ClCompile>
    <ClCompile Include="5651(MaximumFlow).cpp">
      <Filter>리소스 파일</Filter>
    </ClCompile>
    <ClCompile Include="6086(MaximumFlow).cpp">
      <Filter>리소스 파일</Filter>
    </ClCompile>
    <ClCompile Include="6497(MST).cpp">
      <Filter>리소스 파일</Filter>
    </ClCompile>
    <ClCompile Include="6603(BackTracking).cpp">
      <Filter>리소스 파일</Filter>
    </ClCompile>
    <ClCompile Include="7287.cpp">
      <Filter>리소스 파일</Filter>
    </ClCompile>
    <ClCompile Include="7562(BFS).cpp">
      <Filter>리소스 파일</Filter>
    </ClCompile>
    <ClCompile Include="8393.cpp">
      <Filter>리소스 파일</Filter>
    </ClCompile>
    <ClCompile Include="9012(Stack).cpp">
      <Filter>리소스 파일</Filter>
    </ClCompile>
    <ClCompile Include="9020(Eratos).cpp">
      <Filter>리소스 파일</Filter>
    </ClCompile>
    <ClCompile Include="9095(DP).cpp">
      <Filter>리소스 파일</Filter>
    </ClCompile>
    <ClCompile Include="9372.cpp">
      <Filter>리소스 파일</Filter>
    </ClCompile>
    <ClCompile Include="9498.cpp">
      <Filter>리소스 파일</Filter>
    </ClCompile>
    <ClCompile Include="9934.cpp">
      <Filter>리소스 파일</Filter>
    </ClCompile>
    <ClCompile Include="10171.cpp">
      <Filter>리소스 파일</Filter>
    </ClCompile>
    <ClCompile Include="10172.cpp">
      <Filter>리소스 파일</Filter>
    </ClCompile>
    <ClCompile Include="10211(DP).cpp">
      <Filter>리소스 파일</Filter>
    </ClCompile>
    <ClCompile Include="10250.cpp">
      <Filter>리소스 파일</Filter>
    </ClCompile>
    <ClCompile Include="10423(MST).cpp">
      <Filter>리소스 파일</Filter>
    </ClCompile>
    <ClCompile Include="10430.cpp">
      <Filter>리소스 파일</Filter>
    </ClCompile>
    <ClCompile Include="10448.cpp">
      <Filter>리소스 파일</Filter>
    </ClCompile>
    <ClCompile Include="10597(BackTracking).cpp">
      <Filter>리소스 파일</Filter>
    </ClCompile>
    <ClCompile Include="10718.cpp">
      <Filter>리소스 파일</Filter>
    </ClCompile>
    <ClCompile Include="10773%28Stack%29.cpp">
      <Filter>리소스 파일</Filter>
    </ClCompile>
    <ClCompile Include="10815.cpp">
      <Filter>리소스 파일</Filter>
    </ClCompile>
    <ClCompile Include="10817.cpp">
      <Filter>리소스 파일</Filter>
    </ClCompile>
    <ClCompile Include="10818.cpp">
      <Filter>리소스 파일</Filter>
    </ClCompile>
    <ClCompile Include="10828(Stack).cpp">
      <Filter>리소스 파일</Filter>
    </ClCompile>
    <ClCompile Include="10844(DP).cpp">
      <Filter>리소스 파일</Filter>
    </ClCompile>
    <ClCompile Include="10845(Queue).cpp">
      <Filter>리소스 파일</Filter>
    </ClCompile>
    <ClCompile Include="10869.cpp">
      <Filter>리소스 파일</Filter>
    </ClCompile>
    <ClCompile Include="10871.cpp">
      <Filter>리소스 파일</Filter>
    </ClCompile>
    <ClCompile Include="10872(Queue).cpp">
      <Filter>리소스 파일</Filter>
    </ClCompile>
    <ClCompile Include="10950.cpp">
      <Filter>리소스 파일</Filter>
    </ClCompile>
    <ClCompile Include="10951.cpp">
      <Filter>리소스 파일</Filter>
    </ClCompile>
    <ClCompile Include="10952.cpp">
      <Filter>리소스 파일</Filter>
    </ClCompile>
    <ClCompile Include="10998.cpp">
      <Filter>리소스 파일</Filter>
    </ClCompile>
    <ClCompile Include="10999(SegmentTree).cpp">
      <Filter>리소스 파일</Filter>
    </ClCompile>
    <ClCompile Include="11021.cpp">
      <Filter>리소스 파일</Filter>
    </ClCompile>
    <ClCompile Include="11022.cpp">
      <Filter>리소스 파일</Filter>
    </ClCompile>
    <ClCompile Include="11047.cpp">
      <Filter>리소스 파일</Filter>
    </ClCompile>
    <ClCompile Include="11048(DP).cpp">
      <Filter>리소스 파일</Filter>
    </ClCompile>
    <ClCompile Include="11052(DP).cpp">
      <Filter>리소스 파일</Filter>
    </ClCompile>
    <ClCompile Include="11053(DP).cpp">
      <Filter>리소스 파일</Filter>
    </ClCompile>
    <ClCompile Include="11286(Heap).cpp">
      <Filter>리소스 파일</Filter>
    </ClCompile>
    <ClCompile Include="11375(BipartiteMatching).cpp">
      <Filter>리소스 파일</Filter>
    </ClCompile>
    <ClCompile Include="11376(BipartiteMatching).cpp">
      <Filter>리소스 파일</Filter>
    </ClCompile>
    <ClCompile Include="11377(BipartiteMatching).cpp">
      <Filter>리소스 파일</Filter>
    </ClCompile>
    <ClCompile Include="11378(BipartiteMatching).cpp">
      <Filter>리소스 파일</Filter>
    </ClCompile>
    <ClCompile Include="11399(Greedy).cpp">
      <Filter>리소스 파일</Filter>
    </ClCompile>
    <ClCompile Include="11403.cpp">
      <Filter>리소스 파일</Filter>
    </ClCompile>
    <ClCompile Include="11408(MCMF).cpp">
      <Filter>리소스 파일</Filter>
    </ClCompile>
    <ClCompile Include="11657(BellmanFord).cpp">
      <Filter>리소스 파일</Filter>
    </ClCompile>
    <ClCompile Include="11720.cpp">
      <Filter>리소스 파일</Filter>
    </ClCompile>
    <ClCompile Include="11721.cpp">
      <Filter>리소스 파일</Filter>
    </ClCompile>
    <ClCompile Include="11725(BFS).cpp">
      <Filter>리소스 파일</Filter>
    </ClCompile>
    <ClCompile Include="11726(DP).cpp">
      <Filter>리소스 파일</Filter>
    </ClCompile>
    <ClCompile Include="11727(DP).cpp">
      <Filter>리소스 파일</Filter>
    </ClCompile>
    <ClCompile Include="12015(DP).cpp">
      <Filter>리소스 파일</Filter>
    </ClCompile>
    <ClCompile Include="12865(DP).cpp">
      <Filter>리소스 파일</Filter>
    </ClCompile>
    <ClCompile Include="12908(BackTracking).cpp">
      <Filter>리소스 파일</Filter>
    </ClCompile>
    <ClCompile Include="13140(BruteForce).cpp">
      <Filter>리소스 파일</Filter>
    </ClCompile>
    <ClCompile Include="13397(BinarySearch).cpp">
      <Filter>리소스 파일</Filter>
    </ClCompile>
    <ClCompile Include="13418(MST).cpp">
      <Filter>리소스 파일</Filter>
    </ClCompile>
    <ClCompile Include="13549(BFS).cpp">
      <Filter>리소스 파일</Filter>
    </ClCompile>
    <ClCompile Include="14500.cpp">
      <Filter>리소스 파일</Filter>
    </ClCompile>
    <ClCompile Include="14621(MST).cpp">
      <Filter>리소스 파일</Filter>
    </ClCompile>
    <ClCompile Include="14888%28BackTracking%29.cpp">
      <Filter>리소스 파일</Filter>
    </ClCompile>
    <ClCompile Include="14950(MST).cpp">
      <Filter>리소스 파일</Filter>
    </ClCompile>
    <ClCompile Include="15552.cpp">
      <Filter>리소스 파일</Filter>
    </ClCompile>
    <ClCompile Include="15685.cpp">
      <Filter>리소스 파일</Filter>
    </ClCompile>
    <ClCompile Include="16202(MST).cpp">
      <Filter>리소스 파일</Filter>
    </ClCompile>
    <ClCompile Include="16397(BFS).cpp">
      <Filter>리소스 파일</Filter>
    </ClCompile>
    <ClCompile Include="16398(MST).cpp">
      <Filter>리소스 파일</Filter>
    </ClCompile>
    <ClCompile Include="17070(DP).cpp">
      <Filter>리소스 파일</Filter>
    </ClCompile>
    <ClCompile Include="17136(BackTracking).cpp">
      <Filter>리소스 파일</Filter>
    </ClCompile>
    <ClCompile Include="17263.cpp">
      <Filter>리소스 파일</Filter>
    </ClCompile>
    <ClCompile Include="17264.cpp">
      <Filter>리소스 파일</Filter>
    </ClCompile>
    <ClCompile Include="17265(DFS).cpp">
      <Filter>리소스 파일</Filter>
    </ClCompile>
    <ClCompile Include="17398(UnionFind).cpp">
      <Filter>리소스 파일</Filter>
    </ClCompile>
    <ClCompile Include="17412(MaximumFlow).cpp">
      <Filter>리소스 파일</Filter>
    </ClCompile>
    <ClCompile Include="17471(Graph).cpp">
      <Filter>리소스 파일</Filter>
    </ClCompile>
    <ClCompile Include="17485(DP).cpp">
      <Filter>리소스 파일</Filter>
    </ClCompile>
    <ClCompile Include="17490(MST).cpp">
      <Filter>리소스 파일</Filter>
    </ClCompile>
    <ClCompile Include="18429(BackTracking).cpp">
      <Filter>리소스 파일</Filter>
    </ClCompile>
    <ClCompile Include="11407(mcmf).cpp">
      <Filter>리소스 파일</Filter>
    </ClCompile>
    <ClCompile Include="11409(mcmf).cpp">
      <Filter>리소스 파일</Filter>
    </ClCompile>
    <ClCompile Include="1068(tree).cpp">
      <Filter>리소스 파일</Filter>
    </ClCompile>
    <ClCompile Include="10799.cpp">
      <Filter>리소스 파일</Filter>
    </ClCompile>
    <ClCompile Include="11656.cpp">
      <Filter>리소스 파일</Filter>
    </ClCompile>
    <ClCompile Include="10824.cpp">
      <Filter>리소스 파일</Filter>
    </ClCompile>
    <ClCompile Include="11655.cpp">
      <Filter>리소스 파일</Filter>
    </ClCompile>
    <ClCompile Include="10808.cpp">
      <Filter>리소스 파일</Filter>
    </ClCompile>
    <ClCompile Include="10809.cpp">
      <Filter>리소스 파일</Filter>
    </ClCompile>
    <ClCompile Include="10820.cpp">
      <Filter>리소스 파일</Filter>
    </ClCompile>
    <ClCompile Include="2743.cpp">
      <Filter>리소스 파일</Filter>
    </ClCompile>
    <ClCompile Include="11659.cpp">
      <Filter>리소스 파일</Filter>
    </ClCompile>
    <ClCompile Include="2960.cpp">
      <Filter>리소스 파일</Filter>
    </ClCompile>
    <ClCompile Include="1676.cpp">
      <Filter>리소스 파일</Filter>
    </ClCompile>
  </ItemGroup>
</Project>